
Microsoft Visual Studio Solution File, Format Version 12.00
# Visual Studio Version 17
VisualStudioVersion = 17.0.31919.166
MinimumVisualStudioVersion = 10.0.40219.1
Project("{FAE04EC0-301F-11D3-BF4B-00C04F79EFBC}") = "BRDMVS", "BRDMVS.csproj", "{801F906C-D3B2-4D9F-A805-3C7FDF7B1E50}"
EndProject
Global
	GlobalSection(SolutionConfigurationPlatforms) = preSolution
		Debug|Any CPU = Debug|Any CPU
		Release|Any CPU = Release|Any CPU
	EndGlobalSection
	GlobalSection(ProjectConfigurationPlatforms) = postSolution
		{801F906C-D3B2-4D9F-A805-3C7FDF7B1E50}.Debug|Any CPU.ActiveCfg = Debug|Any CPU
		{801F906C-D3B2-4D9F-A805-3C7FDF7B1E50}.Debug|Any CPU.Build.0 = Debug|Any CPU
		{801F906C-D3B2-4D9F-A805-3C7FDF7B1E50}.Release|Any CPU.ActiveCfg = Release|Any CPU
		{801F906C-D3B2-4D9F-A805-3C7FDF7B1E50}.Release|Any CPU.Build.0 = Release|Any CPU
	EndGlobalSection
	GlobalSection(SolutionProperties) = preSolution
		HideSolutionNode = FALSE
	EndGlobalSection
	GlobalSection(ExtensibilityGlobals) = postSolution
		SolutionGuid = {79E24508-7045-47FD-99A3-03133856C462}
	EndGlobalSection
EndGlobal
